// !$*UTF8*$!
{
	archiveVersion = 1;
	classes = {
	};
	objectVersion = 56;
	objects = {

/* Begin PBXBuildFile section */
		A4150D9D2B90C58600AEC7C5 /* ExampleData.swift in Sources */ = {isa = PBXBuildFile; fileRef = A4150D9C2B90C58600AEC7C5 /* ExampleData.swift */; };
		A41C4B7E2B9373A30032660D /* ImagePicker.swift in Sources */ = {isa = PBXBuildFile; fileRef = A41C4B7D2B9373A30032660D /* ImagePicker.swift */; };
		A41C4B832B9460300032660D /* ShopDetailView.swift in Sources */ = {isa = PBXBuildFile; fileRef = A41C4B822B9460300032660D /* ShopDetailView.swift */; };
		A41C4B852B9466DC0032660D /* MyCartView.swift in Sources */ = {isa = PBXBuildFile; fileRef = A41C4B842B9466DC0032660D /* MyCartView.swift */; };
		A420DCF32B8F7D0300CD7496 /* UserListViewModel.swift in Sources */ = {isa = PBXBuildFile; fileRef = A420DCF22B8F7D0300CD7496 /* UserListViewModel.swift */; };
		A420DCF52B8F7D1A00CD7496 /* CoreDataManager.swift in Sources */ = {isa = PBXBuildFile; fileRef = A420DCF42B8F7D1A00CD7496 /* CoreDataManager.swift */; };
		A420DCF82B8F81E900CD7496 /* User+CoreDataClass.swift in Sources */ = {isa = PBXBuildFile; fileRef = A420DCF62B8F81E900CD7496 /* User+CoreDataClass.swift */; };
		A420DCF92B8F81E900CD7496 /* User+CoreDataProperties.swift in Sources */ = {isa = PBXBuildFile; fileRef = A420DCF72B8F81E900CD7496 /* User+CoreDataProperties.swift */; };
		A4257ED82B8F7817003FDC25 /* DataModel.xcdatamodeld in Sources */ = {isa = PBXBuildFile; fileRef = A4257ED62B8F7817003FDC25 /* DataModel.xcdatamodeld */; };
		A42E828A2B970368004BCC27 /* OrderHistoryView.swift in Sources */ = {isa = PBXBuildFile; fileRef = A42E82892B970367004BCC27 /* OrderHistoryView.swift */; };
		A42E828C2B97065E004BCC27 /* OrderHistoryRowView.swift in Sources */ = {isa = PBXBuildFile; fileRef = A42E828B2B97065E004BCC27 /* OrderHistoryRowView.swift */; };
		A42E828E2B974275004BCC27 /* AllProductListView.swift in Sources */ = {isa = PBXBuildFile; fileRef = A42E828D2B974275004BCC27 /* AllProductListView.swift */; };
		A42E82962B98C6C5004BCC27 /* CartView.swift in Sources */ = {isa = PBXBuildFile; fileRef = A42E82952B98C6C5004BCC27 /* CartView.swift */; };
		A46401452B94757B002AC55B /* Utils.swift in Sources */ = {isa = PBXBuildFile; fileRef = A46401442B94757B002AC55B /* Utils.swift */; };
		A46401472B947D30002AC55B /* CartRowView.swift in Sources */ = {isa = PBXBuildFile; fileRef = A46401462B947D30002AC55B /* CartRowView.swift */; };
		A47E31C32B8F160500DB8CEF /* MyShopApp.swift in Sources */ = {isa = PBXBuildFile; fileRef = A47E31C22B8F160500DB8CEF /* MyShopApp.swift */; };
		A47E31C52B8F160500DB8CEF /* ContentView.swift in Sources */ = {isa = PBXBuildFile; fileRef = A47E31C42B8F160500DB8CEF /* ContentView.swift */; };
		A47E31C72B8F160700DB8CEF /* Assets.xcassets in Resources */ = {isa = PBXBuildFile; fileRef = A47E31C62B8F160700DB8CEF /* Assets.xcassets */; };
		A47E31CA2B8F160700DB8CEF /* Preview Assets.xcassets in Resources */ = {isa = PBXBuildFile; fileRef = A47E31C92B8F160700DB8CEF /* Preview Assets.xcassets */; };
		A47E31D52B8F560C00DB8CEF /* Order.swift in Sources */ = {isa = PBXBuildFile; fileRef = A47E31D42B8F560C00DB8CEF /* Order.swift */; };
		A47E31D82B8F5BC800DB8CEF /* UIScreen.swift in Sources */ = {isa = PBXBuildFile; fileRef = A47E31D72B8F5BC800DB8CEF /* UIScreen.swift */; };
		A47E31DA2B8F5C0300DB8CEF /* OrdersListViewModel.swift in Sources */ = {isa = PBXBuildFile; fileRef = A47E31D92B8F5C0200DB8CEF /* OrdersListViewModel.swift */; };
		A47E31DC2B8F5CDB00DB8CEF /* OrderListView.swift in Sources */ = {isa = PBXBuildFile; fileRef = A47E31DB2B8F5CDB00DB8CEF /* OrderListView.swift */; };
		A47E31DE2B8F5CE900DB8CEF /* HomeView.swift in Sources */ = {isa = PBXBuildFile; fileRef = A47E31DD2B8F5CE900DB8CEF /* HomeView.swift */; };
		A47E31E12B8F5DAA00DB8CEF /* OrderCardView.swift in Sources */ = {isa = PBXBuildFile; fileRef = A47E31E02B8F5DAA00DB8CEF /* OrderCardView.swift */; };
		A47E31E42B8F619000DB8CEF /* LoginView.swift in Sources */ = {isa = PBXBuildFile; fileRef = A47E31E32B8F619000DB8CEF /* LoginView.swift */; };
		A47E31E62B8F630800DB8CEF /* RegisterView.swift in Sources */ = {isa = PBXBuildFile; fileRef = A47E31E52B8F630800DB8CEF /* RegisterView.swift */; };
		A47E8C122B9B867C009813A5 /* ProductListRowView.swift in Sources */ = {isa = PBXBuildFile; fileRef = A47E8C112B9B867C009813A5 /* ProductListRowView.swift */; };
		A4C1D9112B918C1800E72926 /* Product+CoreDataClass.swift in Sources */ = {isa = PBXBuildFile; fileRef = A4C1D90F2B918C1800E72926 /* Product+CoreDataClass.swift */; };
		A4C1D9122B918C1800E72926 /* Product+CoreDataProperties.swift in Sources */ = {isa = PBXBuildFile; fileRef = A4C1D9102B918C1800E72926 /* Product+CoreDataProperties.swift */; };
		A4C1D9142B918C8B00E72926 /* ProductListViewModel.swift in Sources */ = {isa = PBXBuildFile; fileRef = A4C1D9132B918C8B00E72926 /* ProductListViewModel.swift */; };
		A4D8659A2B98F14C008EB73A /* PlayfairDisplay-Bold.ttf in Resources */ = {isa = PBXBuildFile; fileRef = A42E82912B98BFAB004BCC27 /* PlayfairDisplay-Bold.ttf */; };
		A4D8659B2B98F14C008EB73A /* PlayfairDisplay-Regular.ttf in Resources */ = {isa = PBXBuildFile; fileRef = A42E82902B98BFAA004BCC27 /* PlayfairDisplay-Regular.ttf */; };
		A4E358372B91F6300021A296 /* MyProductView.swift in Sources */ = {isa = PBXBuildFile; fileRef = A4E358362B91F6300021A296 /* MyProductView.swift */; };
		A4E3583A2B91F7310021A296 /* ProductCardView.swift in Sources */ = {isa = PBXBuildFile; fileRef = A4E358392B91F7310021A296 /* ProductCardView.swift */; };
		A4E3583C2B91F7630021A296 /* ProductListView.swift in Sources */ = {isa = PBXBuildFile; fileRef = A4E3583B2B91F7630021A296 /* ProductListView.swift */; };
		A4E3583E2B9244E60021A296 /* AddProductView.swift in Sources */ = {isa = PBXBuildFile; fileRef = A4E3583D2B9244E60021A296 /* AddProductView.swift */; };
		A4E358402B92E3FA0021A296 /* ProductDetailView.swift in Sources */ = {isa = PBXBuildFile; fileRef = A4E3583F2B92E3FA0021A296 /* ProductDetailView.swift */; };
		A4FEE4A02B90425D00C87C8F /* UserManager.swift in Sources */ = {isa = PBXBuildFile; fileRef = A4FEE49F2B90425D00C87C8F /* UserManager.swift */; };
		A4FEE4A22B904DB900C87C8F /* UserView.swift in Sources */ = {isa = PBXBuildFile; fileRef = A4FEE4A12B904DB900C87C8F /* UserView.swift */; };
		A4FEE4A42B9063F700C87C8F /* AfterLoginView.swift in Sources */ = {isa = PBXBuildFile; fileRef = A4FEE4A32B9063F700C87C8F /* AfterLoginView.swift */; };
/* End PBXBuildFile section */

/* Begin PBXFileReference section */
		A4150D9C2B90C58600AEC7C5 /* ExampleData.swift */ = {isa = PBXFileReference; lastKnownFileType = sourcecode.swift; path = ExampleData.swift; sourceTree = "<group>"; };
		A41C4B7D2B9373A30032660D /* ImagePicker.swift */ = {isa = PBXFileReference; lastKnownFileType = sourcecode.swift; path = ImagePicker.swift; sourceTree = "<group>"; };
		A41C4B822B9460300032660D /* ShopDetailView.swift */ = {isa = PBXFileReference; lastKnownFileType = sourcecode.swift; path = ShopDetailView.swift; sourceTree = "<group>"; };
		A41C4B842B9466DC0032660D /* MyCartView.swift */ = {isa = PBXFileReference; lastKnownFileType = sourcecode.swift; path = MyCartView.swift; sourceTree = "<group>"; };
		A420DCF22B8F7D0300CD7496 /* UserListViewModel.swift */ = {isa = PBXFileReference; lastKnownFileType = sourcecode.swift; path = UserListViewModel.swift; sourceTree = "<group>"; };
		A420DCF42B8F7D1A00CD7496 /* CoreDataManager.swift */ = {isa = PBXFileReference; lastKnownFileType = sourcecode.swift; path = CoreDataManager.swift; sourceTree = "<group>"; };
		A420DCF62B8F81E900CD7496 /* User+CoreDataClass.swift */ = {isa = PBXFileReference; lastKnownFileType = sourcecode.swift; path = "User+CoreDataClass.swift"; sourceTree = "<group>"; };
		A420DCF72B8F81E900CD7496 /* User+CoreDataProperties.swift */ = {isa = PBXFileReference; lastKnownFileType = sourcecode.swift; path = "User+CoreDataProperties.swift"; sourceTree = "<group>"; };
		A4257ED72B8F7817003FDC25 /* DataModel.xcdatamodel */ = {isa = PBXFileReference; lastKnownFileType = wrapper.xcdatamodel; path = DataModel.xcdatamodel; sourceTree = "<group>"; };
		A42E82892B970367004BCC27 /* OrderHistoryView.swift */ = {isa = PBXFileReference; lastKnownFileType = sourcecode.swift; path = OrderHistoryView.swift; sourceTree = "<group>"; };
		A42E828B2B97065E004BCC27 /* OrderHistoryRowView.swift */ = {isa = PBXFileReference; lastKnownFileType = sourcecode.swift; path = OrderHistoryRowView.swift; sourceTree = "<group>"; };
		A42E828D2B974275004BCC27 /* AllProductListView.swift */ = {isa = PBXFileReference; lastKnownFileType = sourcecode.swift; path = AllProductListView.swift; sourceTree = "<group>"; };
		A42E82902B98BFAA004BCC27 /* PlayfairDisplay-Regular.ttf */ = {isa = PBXFileReference; lastKnownFileType = file; path = "PlayfairDisplay-Regular.ttf"; sourceTree = "<group>"; };
		A42E82912B98BFAB004BCC27 /* PlayfairDisplay-Bold.ttf */ = {isa = PBXFileReference; lastKnownFileType = file; path = "PlayfairDisplay-Bold.ttf"; sourceTree = "<group>"; };
		A42E82952B98C6C5004BCC27 /* CartView.swift */ = {isa = PBXFileReference; lastKnownFileType = sourcecode.swift; path = CartView.swift; sourceTree = "<group>"; };
		A46401442B94757B002AC55B /* Utils.swift */ = {isa = PBXFileReference; lastKnownFileType = sourcecode.swift; path = Utils.swift; sourceTree = "<group>"; };
		A46401462B947D30002AC55B /* CartRowView.swift */ = {isa = PBXFileReference; lastKnownFileType = sourcecode.swift; path = CartRowView.swift; sourceTree = "<group>"; };
		A47E31BF2B8F160500DB8CEF /* MyShop.app */ = {isa = PBXFileReference; explicitFileType = wrapper.application; includeInIndex = 0; path = MyShop.app; sourceTree = BUILT_PRODUCTS_DIR; };
		A47E31C22B8F160500DB8CEF /* MyShopApp.swift */ = {isa = PBXFileReference; lastKnownFileType = sourcecode.swift; path = MyShopApp.swift; sourceTree = "<group>"; };
		A47E31C42B8F160500DB8CEF /* ContentView.swift */ = {isa = PBXFileReference; lastKnownFileType = sourcecode.swift; path = ContentView.swift; sourceTree = "<group>"; };
		A47E31C62B8F160700DB8CEF /* Assets.xcassets */ = {isa = PBXFileReference; lastKnownFileType = folder.assetcatalog; path = Assets.xcassets; sourceTree = "<group>"; };
		A47E31C92B8F160700DB8CEF /* Preview Assets.xcassets */ = {isa = PBXFileReference; lastKnownFileType = folder.assetcatalog; path = "Preview Assets.xcassets"; sourceTree = "<group>"; };
		A47E31D42B8F560C00DB8CEF /* Order.swift */ = {isa = PBXFileReference; lastKnownFileType = sourcecode.swift; path = Order.swift; sourceTree = "<group>"; };
		A47E31D72B8F5BC800DB8CEF /* UIScreen.swift */ = {isa = PBXFileReference; lastKnownFileType = sourcecode.swift; path = UIScreen.swift; sourceTree = "<group>"; };
		A47E31D92B8F5C0200DB8CEF /* OrdersListViewModel.swift */ = {isa = PBXFileReference; lastKnownFileType = sourcecode.swift; path = OrdersListViewModel.swift; sourceTree = "<group>"; };
		A47E31DB2B8F5CDB00DB8CEF /* OrderListView.swift */ = {isa = PBXFileReference; lastKnownFileType = sourcecode.swift; path = OrderListView.swift; sourceTree = "<group>"; };
		A47E31DD2B8F5CE900DB8CEF /* HomeView.swift */ = {isa = PBXFileReference; lastKnownFileType = sourcecode.swift; path = HomeView.swift; sourceTree = "<group>"; };
		A47E31E02B8F5DAA00DB8CEF /* OrderCardView.swift */ = {isa = PBXFileReference; lastKnownFileType = sourcecode.swift; path = OrderCardView.swift; sourceTree = "<group>"; };
		A47E31E32B8F619000DB8CEF /* LoginView.swift */ = {isa = PBXFileReference; lastKnownFileType = sourcecode.swift; path = LoginView.swift; sourceTree = "<group>"; };
		A47E31E52B8F630800DB8CEF /* RegisterView.swift */ = {isa = PBXFileReference; lastKnownFileType = sourcecode.swift; path = RegisterView.swift; sourceTree = "<group>"; };
		A47E8C112B9B867C009813A5 /* ProductListRowView.swift */ = {isa = PBXFileReference; lastKnownFileType = sourcecode.swift; path = ProductListRowView.swift; sourceTree = "<group>"; };
		A4C1D90F2B918C1800E72926 /* Product+CoreDataClass.swift */ = {isa = PBXFileReference; lastKnownFileType = sourcecode.swift; path = "Product+CoreDataClass.swift"; sourceTree = "<group>"; };
		A4C1D9102B918C1800E72926 /* Product+CoreDataProperties.swift */ = {isa = PBXFileReference; lastKnownFileType = sourcecode.swift; path = "Product+CoreDataProperties.swift"; sourceTree = "<group>"; };
		A4C1D9132B918C8B00E72926 /* ProductListViewModel.swift */ = {isa = PBXFileReference; lastKnownFileType = sourcecode.swift; path = ProductListViewModel.swift; sourceTree = "<group>"; };
		A4D865992B98F028008EB73A /* Info.plist */ = {isa = PBXFileReference; lastKnownFileType = text.plist; path = Info.plist; sourceTree = "<group>"; };
		A4E358362B91F6300021A296 /* MyProductView.swift */ = {isa = PBXFileReference; lastKnownFileType = sourcecode.swift; path = MyProductView.swift; sourceTree = "<group>"; };
		A4E358392B91F7310021A296 /* ProductCardView.swift */ = {isa = PBXFileReference; lastKnownFileType = sourcecode.swift; path = ProductCardView.swift; sourceTree = "<group>"; };
		A4E3583B2B91F7630021A296 /* ProductListView.swift */ = {isa = PBXFileReference; lastKnownFileType = sourcecode.swift; path = ProductListView.swift; sourceTree = "<group>"; };
		A4E3583D2B9244E60021A296 /* AddProductView.swift */ = {isa = PBXFileReference; lastKnownFileType = sourcecode.swift; path = AddProductView.swift; sourceTree = "<group>"; };
		A4E3583F2B92E3FA0021A296 /* ProductDetailView.swift */ = {isa = PBXFileReference; lastKnownFileType = sourcecode.swift; path = ProductDetailView.swift; sourceTree = "<group>"; };
		A4FEE49F2B90425D00C87C8F /* UserManager.swift */ = {isa = PBXFileReference; lastKnownFileType = sourcecode.swift; path = UserManager.swift; sourceTree = "<group>"; };
		A4FEE4A12B904DB900C87C8F /* UserView.swift */ = {isa = PBXFileReference; lastKnownFileType = sourcecode.swift; path = UserView.swift; sourceTree = "<group>"; };
		A4FEE4A32B9063F700C87C8F /* AfterLoginView.swift */ = {isa = PBXFileReference; lastKnownFileType = sourcecode.swift; path = AfterLoginView.swift; sourceTree = "<group>"; };
/* End PBXFileReference section */

/* Begin PBXFrameworksBuildPhase section */
		A47E31BC2B8F160500DB8CEF /* Frameworks */ = {
			isa = PBXFrameworksBuildPhase;
			buildActionMask = 2147483647;
			files = (
			);
			runOnlyForDeploymentPostprocessing = 0;
		};
/* End PBXFrameworksBuildPhase section */

/* Begin PBXGroup section */
		A41C4B7F2B9460030032660D /* Shop */ = {
			isa = PBXGroup;
			children = (
				A41C4B822B9460300032660D /* ShopDetailView.swift */,
			);
			path = Shop;
			sourceTree = "<group>";
		};
		A420DCF12B8F7A7400CD7496 /* Manager */ = {
			isa = PBXGroup;
			children = (
				A420DCF42B8F7D1A00CD7496 /* CoreDataManager.swift */,
				A4FEE49F2B90425D00C87C8F /* UserManager.swift */,
			);
			path = Manager;
			sourceTree = "<group>";
		};
		A42E828F2B98BF84004BCC27 /* Fonts */ = {
			isa = PBXGroup;
			children = (
				A42E82912B98BFAB004BCC27 /* PlayfairDisplay-Bold.ttf */,
				A42E82902B98BFAA004BCC27 /* PlayfairDisplay-Regular.ttf */,
			);
			path = Fonts;
			sourceTree = "<group>";
		};
		A42E82922B98C68F004BCC27 /* Cart */ = {
			isa = PBXGroup;
			children = (
				A41C4B842B9466DC0032660D /* MyCartView.swift */,
				A42E82952B98C6C5004BCC27 /* CartView.swift */,
				A46401462B947D30002AC55B /* CartRowView.swift */,
			);
			path = Cart;
			sourceTree = "<group>";
		};
		A47E31B62B8F160500DB8CEF = {
			isa = PBXGroup;
			children = (
				A4C1D90F2B918C1800E72926 /* Product+CoreDataClass.swift */,
				A4C1D9102B918C1800E72926 /* Product+CoreDataProperties.swift */,
				A420DCF62B8F81E900CD7496 /* User+CoreDataClass.swift */,
				A420DCF72B8F81E900CD7496 /* User+CoreDataProperties.swift */,
				A47E31C12B8F160500DB8CEF /* MyShop */,
				A47E31C02B8F160500DB8CEF /* Products */,
			);
			sourceTree = "<group>";
		};
		A47E31C02B8F160500DB8CEF /* Products */ = {
			isa = PBXGroup;
			children = (
				A47E31BF2B8F160500DB8CEF /* MyShop.app */,
			);
			name = Products;
			sourceTree = "<group>";
		};
		A47E31C12B8F160500DB8CEF /* MyShop */ = {
			isa = PBXGroup;
			children = (
				A4D865992B98F028008EB73A /* Info.plist */,
				A47E31C22B8F160500DB8CEF /* MyShopApp.swift */,
				A47E31D32B8F161300DB8CEF /* Helpers */,
				A47E31D22B8F161200DB8CEF /* ViewModels */,
				A47E31D12B8F161000DB8CEF /* Models */,
				A47E31D02B8F160E00DB8CEF /* Views */,
				A47E31C62B8F160700DB8CEF /* Assets.xcassets */,
				A47E31C82B8F160700DB8CEF /* Preview Content */,
				A4257ED62B8F7817003FDC25 /* DataModel.xcdatamodeld */,
			);
			path = MyShop;
			sourceTree = "<group>";
		};
		A47E31C82B8F160700DB8CEF /* Preview Content */ = {
			isa = PBXGroup;
			children = (
				A47E31C92B8F160700DB8CEF /* Preview Assets.xcassets */,
			);
			path = "Preview Content";
			sourceTree = "<group>";
		};
		A47E31D02B8F160E00DB8CEF /* Views */ = {
			isa = PBXGroup;
			children = (
				A47E31C42B8F160500DB8CEF /* ContentView.swift */,
				A47E31DD2B8F5CE900DB8CEF /* HomeView.swift */,
				A42E82922B98C68F004BCC27 /* Cart */,
				A41C4B7F2B9460030032660D /* Shop */,
				A4E358382B91F7220021A296 /* Product */,
				A47E31E22B8F618300DB8CEF /* User */,
				A47E31DF2B8F5D9400DB8CEF /* Order */,
			);
			path = Views;
			sourceTree = "<group>";
		};
		A47E31D12B8F161000DB8CEF /* Models */ = {
			isa = PBXGroup;
			children = (
				A47E31D42B8F560C00DB8CEF /* Order.swift */,
			);
			path = Models;
			sourceTree = "<group>";
		};
		A47E31D22B8F161200DB8CEF /* ViewModels */ = {
			isa = PBXGroup;
			children = (
				A420DCF22B8F7D0300CD7496 /* UserListViewModel.swift */,
				A47E31D92B8F5C0200DB8CEF /* OrdersListViewModel.swift */,
				A4C1D9132B918C8B00E72926 /* ProductListViewModel.swift */,
			);
			path = ViewModels;
			sourceTree = "<group>";
		};
		A47E31D32B8F161300DB8CEF /* Helpers */ = {
			isa = PBXGroup;
			children = (
				A4150D9C2B90C58600AEC7C5 /* ExampleData.swift */,
				A42E828F2B98BF84004BCC27 /* Fonts */,
				A41C4B7D2B9373A30032660D /* ImagePicker.swift */,
				A46401442B94757B002AC55B /* Utils.swift */,
				A420DCF12B8F7A7400CD7496 /* Manager */,
				A47E31D62B8F5BB900DB8CEF /* Extensions */,
			);
			path = Helpers;
			sourceTree = "<group>";
		};
		A47E31D62B8F5BB900DB8CEF /* Extensions */ = {
			isa = PBXGroup;
			children = (
				A47E31D72B8F5BC800DB8CEF /* UIScreen.swift */,
			);
			path = Extensions;
			sourceTree = "<group>";
		};
		A47E31DF2B8F5D9400DB8CEF /* Order */ = {
			isa = PBXGroup;
			children = (
				A47E31E02B8F5DAA00DB8CEF /* OrderCardView.swift */,
				A47E31DB2B8F5CDB00DB8CEF /* OrderListView.swift */,
			);
			path = Order;
			sourceTree = "<group>";
		};
		A47E31E22B8F618300DB8CEF /* User */ = {
			isa = PBXGroup;
			children = (
				A4FEE4A32B9063F700C87C8F /* AfterLoginView.swift */,
				A47E31E32B8F619000DB8CEF /* LoginView.swift */,
				A42E828B2B97065E004BCC27 /* OrderHistoryRowView.swift */,
				A42E82892B970367004BCC27 /* OrderHistoryView.swift */,
				A47E31E52B8F630800DB8CEF /* RegisterView.swift */,
				A4FEE4A12B904DB900C87C8F /* UserView.swift */,
			);
			path = User;
			sourceTree = "<group>";
		};
		A4E358382B91F7220021A296 /* Product */ = {
			isa = PBXGroup;
			children = (
				A4E3583D2B9244E60021A296 /* AddProductView.swift */,
				A42E828D2B974275004BCC27 /* AllProductListView.swift */,
				A4E358362B91F6300021A296 /* MyProductView.swift */,
				A4E358392B91F7310021A296 /* ProductCardView.swift */,
				A47E8C112B9B867C009813A5 /* ProductListRowView.swift */,
				A4E3583F2B92E3FA0021A296 /* ProductDetailView.swift */,
				A4E3583B2B91F7630021A296 /* ProductListView.swift */,
			);
			path = Product;
			sourceTree = "<group>";
		};
/* End PBXGroup section */

/* Begin PBXNativeTarget section */
		A47E31BE2B8F160500DB8CEF /* MyShop */ = {
			isa = PBXNativeTarget;
			buildConfigurationList = A47E31CD2B8F160700DB8CEF /* Build configuration list for PBXNativeTarget "MyShop" */;
			buildPhases = (
				A47E31BB2B8F160500DB8CEF /* Sources */,
				A47E31BC2B8F160500DB8CEF /* Frameworks */,
				A47E31BD2B8F160500DB8CEF /* Resources */,
			);
			buildRules = (
			);
			dependencies = (
			);
			name = MyShop;
			packageProductDependencies = (
			);
			productName = MyShop;
			productReference = A47E31BF2B8F160500DB8CEF /* MyShop.app */;
			productType = "com.apple.product-type.application";
		};
/* End PBXNativeTarget section */

/* Begin PBXProject section */
		A47E31B72B8F160500DB8CEF /* Project object */ = {
			isa = PBXProject;
			attributes = {
				BuildIndependentTargetsInParallel = 1;
				LastSwiftUpdateCheck = 1420;
				LastUpgradeCheck = 1420;
				TargetAttributes = {
					A47E31BE2B8F160500DB8CEF = {
						CreatedOnToolsVersion = 14.2;
					};
				};
			};
			buildConfigurationList = A47E31BA2B8F160500DB8CEF /* Build configuration list for PBXProject "MyShop" */;
			compatibilityVersion = "Xcode 14.0";
			developmentRegion = en;
			hasScannedForEncodings = 0;
			knownRegions = (
				en,
				Base,
			);
			mainGroup = A47E31B62B8F160500DB8CEF;
			packageReferences = (
			);
			productRefGroup = A47E31C02B8F160500DB8CEF /* Products */;
			projectDirPath = "";
			projectRoot = "";
			targets = (
				A47E31BE2B8F160500DB8CEF /* MyShop */,
			);
		};
/* End PBXProject section */

/* Begin PBXResourcesBuildPhase section */
		A47E31BD2B8F160500DB8CEF /* Resources */ = {
			isa = PBXResourcesBuildPhase;
			buildActionMask = 2147483647;
			files = (
				A4D8659A2B98F14C008EB73A /* PlayfairDisplay-Bold.ttf in Resources */,
				A4D8659B2B98F14C008EB73A /* PlayfairDisplay-Regular.ttf in Resources */,
				A47E31CA2B8F160700DB8CEF /* Preview Assets.xcassets in Resources */,
				A47E31C72B8F160700DB8CEF /* Assets.xcassets in Resources */,
			);
			runOnlyForDeploymentPostprocessing = 0;
		};
/* End PBXResourcesBuildPhase section */

/* Begin PBXSourcesBuildPhase section */
		A47E31BB2B8F160500DB8CEF /* Sources */ = {
			isa = PBXSourcesBuildPhase;
			buildActionMask = 2147483647;
			files = (
				A41C4B852B9466DC0032660D /* MyCartView.swift in Sources */,
				A4C1D9142B918C8B00E72926 /* ProductListViewModel.swift in Sources */,
				A4257ED82B8F7817003FDC25 /* DataModel.xcdatamodeld in Sources */,
				A47E31DA2B8F5C0300DB8CEF /* OrdersListViewModel.swift in Sources */,
				A420DCF52B8F7D1A00CD7496 /* CoreDataManager.swift in Sources */,
				A42E828E2B974275004BCC27 /* AllProductListView.swift in Sources */,
				A4C1D9112B918C1800E72926 /* Product+CoreDataClass.swift in Sources */,
				A47E31E62B8F630800DB8CEF /* RegisterView.swift in Sources */,
				A4E3583A2B91F7310021A296 /* ProductCardView.swift in Sources */,
				A47E31DE2B8F5CE900DB8CEF /* HomeView.swift in Sources */,
				A47E8C122B9B867C009813A5 /* ProductListRowView.swift in Sources */,
				A46401472B947D30002AC55B /* CartRowView.swift in Sources */,
				A420DCF82B8F81E900CD7496 /* User+CoreDataClass.swift in Sources */,
				A4FEE4A02B90425D00C87C8F /* UserManager.swift in Sources */,
				A4E358372B91F6300021A296 /* MyProductView.swift in Sources */,
				A42E828C2B97065E004BCC27 /* OrderHistoryRowView.swift in Sources */,
				A4150D9D2B90C58600AEC7C5 /* ExampleData.swift in Sources */,
				A47E31D52B8F560C00DB8CEF /* Order.swift in Sources */,
				A47E31E42B8F619000DB8CEF /* LoginView.swift in Sources */,
				A42E82962B98C6C5004BCC27 /* CartView.swift in Sources */,
				A4E3583E2B9244E60021A296 /* AddProductView.swift in Sources */,
				A47E31C52B8F160500DB8CEF /* ContentView.swift in Sources */,
				A47E31C32B8F160500DB8CEF /* MyShopApp.swift in Sources */,
				A41C4B7E2B9373A30032660D /* ImagePicker.swift in Sources */,
				A4FEE4A42B9063F700C87C8F /* AfterLoginView.swift in Sources */,
				A420DCF32B8F7D0300CD7496 /* UserListViewModel.swift in Sources */,
				A46401452B94757B002AC55B /* Utils.swift in Sources */,
				A47E31D82B8F5BC800DB8CEF /* UIScreen.swift in Sources */,
				A4E358402B92E3FA0021A296 /* ProductDetailView.swift in Sources */,
				A42E828A2B970368004BCC27 /* OrderHistoryView.swift in Sources */,
				A4FEE4A22B904DB900C87C8F /* UserView.swift in Sources */,
				A4C1D9122B918C1800E72926 /* Product+CoreDataProperties.swift in Sources */,
				A420DCF92B8F81E900CD7496 /* User+CoreDataProperties.swift in Sources */,
				A47E31DC2B8F5CDB00DB8CEF /* OrderListView.swift in Sources */,
				A47E31E12B8F5DAA00DB8CEF /* OrderCardView.swift in Sources */,
				A41C4B832B9460300032660D /* ShopDetailView.swift in Sources */,
				A4E3583C2B91F7630021A296 /* ProductListView.swift in Sources */,
			);
			runOnlyForDeploymentPostprocessing = 0;
		};
/* End PBXSourcesBuildPhase section */

/* Begin XCBuildConfiguration section */
		A47E31CB2B8F160700DB8CEF /* Debug */ = {
			isa = XCBuildConfiguration;
			buildSettings = {
				ALWAYS_SEARCH_USER_PATHS = NO;
				CLANG_ANALYZER_NONNULL = YES;
				CLANG_ANALYZER_NUMBER_OBJECT_CONVERSION = YES_AGGRESSIVE;
				CLANG_CXX_LANGUAGE_STANDARD = "gnu++20";
				CLANG_ENABLE_MODULES = YES;
				CLANG_ENABLE_OBJC_ARC = YES;
				CLANG_ENABLE_OBJC_WEAK = YES;
				CLANG_WARN_BLOCK_CAPTURE_AUTORELEASING = YES;
				CLANG_WARN_BOOL_CONVERSION = YES;
				CLANG_WARN_COMMA = YES;
				CLANG_WARN_CONSTANT_CONVERSION = YES;
				CLANG_WARN_DEPRECATED_OBJC_IMPLEMENTATIONS = YES;
				CLANG_WARN_DIRECT_OBJC_ISA_USAGE = YES_ERROR;
				CLANG_WARN_DOCUMENTATION_COMMENTS = YES;
				CLANG_WARN_EMPTY_BODY = YES;
				CLANG_WARN_ENUM_CONVERSION = YES;
				CLANG_WARN_INFINITE_RECURSION = YES;
				CLANG_WARN_INT_CONVERSION = YES;
				CLANG_WARN_NON_LITERAL_NULL_CONVERSION = YES;
				CLANG_WARN_OBJC_IMPLICIT_RETAIN_SELF = YES;
				CLANG_WARN_OBJC_LITERAL_CONVERSION = YES;
				CLANG_WARN_OBJC_ROOT_CLASS = YES_ERROR;
				CLANG_WARN_QUOTED_INCLUDE_IN_FRAMEWORK_HEADER = YES;
				CLANG_WARN_RANGE_LOOP_ANALYSIS = YES;
				CLANG_WARN_STRICT_PROTOTYPES = YES;
				CLANG_WARN_SUSPICIOUS_MOVE = YES;
				CLANG_WARN_UNGUARDED_AVAILABILITY = YES_AGGRESSIVE;
				CLANG_WARN_UNREACHABLE_CODE = YES;
				CLANG_WARN__DUPLICATE_METHOD_MATCH = YES;
				COPY_PHASE_STRIP = NO;
				DEBUG_INFORMATION_FORMAT = dwarf;
				ENABLE_STRICT_OBJC_MSGSEND = YES;
				ENABLE_TESTABILITY = YES;
				GCC_C_LANGUAGE_STANDARD = gnu11;
				GCC_DYNAMIC_NO_PIC = NO;
				GCC_NO_COMMON_BLOCKS = YES;
				GCC_OPTIMIZATION_LEVEL = 0;
				GCC_PREPROCESSOR_DEFINITIONS = (
					"DEBUG=1",
					"$(inherited)",
				);
				GCC_WARN_64_TO_32_BIT_CONVERSION = YES;
				GCC_WARN_ABOUT_RETURN_TYPE = YES_ERROR;
				GCC_WARN_UNDECLARED_SELECTOR = YES;
				GCC_WARN_UNINITIALIZED_AUTOS = YES_AGGRESSIVE;
				GCC_WARN_UNUSED_FUNCTION = YES;
				GCC_WARN_UNUSED_VARIABLE = YES;
				IPHONEOS_DEPLOYMENT_TARGET = 15.0;
				MTL_ENABLE_DEBUG_INFO = INCLUDE_SOURCE;
				MTL_FAST_MATH = YES;
				ONLY_ACTIVE_ARCH = YES;
				SDKROOT = iphoneos;
				SWIFT_ACTIVE_COMPILATION_CONDITIONS = DEBUG;
				SWIFT_OPTIMIZATION_LEVEL = "-Onone";
			};
			name = Debug;
		};
		A47E31CC2B8F160700DB8CEF /* Release */ = {
			isa = XCBuildConfiguration;
			buildSettings = {
				ALWAYS_SEARCH_USER_PATHS = NO;
				CLANG_ANALYZER_NONNULL = YES;
				CLANG_ANALYZER_NUMBER_OBJECT_CONVERSION = YES_AGGRESSIVE;
				CLANG_CXX_LANGUAGE_STANDARD = "gnu++20";
				CLANG_ENABLE_MODULES = YES;
				CLANG_ENABLE_OBJC_ARC = YES;
				CLANG_ENABLE_OBJC_WEAK = YES;
				CLANG_WARN_BLOCK_CAPTURE_AUTORELEASING = YES;
				CLANG_WARN_BOOL_CONVERSION = YES;
				CLANG_WARN_COMMA = YES;
				CLANG_WARN_CONSTANT_CONVERSION = YES;
				CLANG_WARN_DEPRECATED_OBJC_IMPLEMENTATIONS = YES;
				CLANG_WARN_DIRECT_OBJC_ISA_USAGE = YES_ERROR;
				CLANG_WARN_DOCUMENTATION_COMMENTS = YES;
				CLANG_WARN_EMPTY_BODY = YES;
				CLANG_WARN_ENUM_CONVERSION = YES;
				CLANG_WARN_INFINITE_RECURSION = YES;
				CLANG_WARN_INT_CONVERSION = YES;
				CLANG_WARN_NON_LITERAL_NULL_CONVERSION = YES;
				CLANG_WARN_OBJC_IMPLICIT_RETAIN_SELF = YES;
				CLANG_WARN_OBJC_LITERAL_CONVERSION = YES;
				CLANG_WARN_OBJC_ROOT_CLASS = YES_ERROR;
				CLANG_WARN_QUOTED_INCLUDE_IN_FRAMEWORK_HEADER = YES;
				CLANG_WARN_RANGE_LOOP_ANALYSIS = YES;
				CLANG_WARN_STRICT_PROTOTYPES = YES;
				CLANG_WARN_SUSPICIOUS_MOVE = YES;
				CLANG_WARN_UNGUARDED_AVAILABILITY = YES_AGGRESSIVE;
				CLANG_WARN_UNREACHABLE_CODE = YES;
				CLANG_WARN__DUPLICATE_METHOD_MATCH = YES;
				COPY_PHASE_STRIP = NO;
				DEBUG_INFORMATION_FORMAT = "dwarf-with-dsym";
				ENABLE_NS_ASSERTIONS = NO;
				ENABLE_STRICT_OBJC_MSGSEND = YES;
				GCC_C_LANGUAGE_STANDARD = gnu11;
				GCC_NO_COMMON_BLOCKS = YES;
				GCC_WARN_64_TO_32_BIT_CONVERSION = YES;
				GCC_WARN_ABOUT_RETURN_TYPE = YES_ERROR;
				GCC_WARN_UNDECLARED_SELECTOR = YES;
				GCC_WARN_UNINITIALIZED_AUTOS = YES_AGGRESSIVE;
				GCC_WARN_UNUSED_FUNCTION = YES;
				GCC_WARN_UNUSED_VARIABLE = YES;
				IPHONEOS_DEPLOYMENT_TARGET = 15.0;
				MTL_ENABLE_DEBUG_INFO = NO;
				MTL_FAST_MATH = YES;
				SDKROOT = iphoneos;
				SWIFT_COMPILATION_MODE = wholemodule;
				SWIFT_OPTIMIZATION_LEVEL = "-O";
				VALIDATE_PRODUCT = YES;
			};
			name = Release;
		};
		A47E31CE2B8F160700DB8CEF /* Debug */ = {
			isa = XCBuildConfiguration;
			buildSettings = {
				ASSETCATALOG_COMPILER_APPICON_NAME = AppIcon;
				ASSETCATALOG_COMPILER_GLOBAL_ACCENT_COLOR_NAME = AccentColor;
				CODE_SIGN_STYLE = Automatic;
				CURRENT_PROJECT_VERSION = 1;
				DEVELOPMENT_ASSET_PATHS = "\"MyShop/Preview Content\"";
				DEVELOPMENT_TEAM = W7C6394PMD;
				ENABLE_PREVIEWS = YES;
				GENERATE_INFOPLIST_FILE = YES;
				INFOPLIST_FILE = MyShop/Info.plist;
				INFOPLIST_KEY_UIApplicationSceneManifest_Generation = YES;
				INFOPLIST_KEY_UIApplicationSupportsIndirectInputEvents = YES;
				INFOPLIST_KEY_UILaunchScreen_Generation = YES;
				INFOPLIST_KEY_UISupportedInterfaceOrientations_iPad = "UIInterfaceOrientationPortrait UIInterfaceOrientationPortraitUpsideDown UIInterfaceOrientationLandscapeLeft UIInterfaceOrientationLandscapeRight";
				INFOPLIST_KEY_UISupportedInterfaceOrientations_iPhone = "UIInterfaceOrientationPortrait UIInterfaceOrientationLandscapeLeft UIInterfaceOrientationLandscapeRight";
				IPHONEOS_DEPLOYMENT_TARGET = 15.0;
				LD_RUNPATH_SEARCH_PATHS = (
					"$(inherited)",
					"@executable_path/Frameworks",
				);
				MARKETING_VERSION = 1.0;
				PRODUCT_BUNDLE_IDENTIFIER = com.baohieu.MyShop;
				PRODUCT_NAME = "$(TARGET_NAME)";
				SWIFT_EMIT_LOC_STRINGS = YES;
				SWIFT_VERSION = 5.0;
				TARGETED_DEVICE_FAMILY = "1,2";
			};
			name = Debug;
		};
		A47E31CF2B8F160700DB8CEF /* Release */ = {
			isa = XCBuildConfiguration;
			buildSettings = {
				ASSETCATALOG_COMPILER_APPICON_NAME = AppIcon;
				ASSETCATALOG_COMPILER_GLOBAL_ACCENT_COLOR_NAME = AccentColor;
				CODE_SIGN_STYLE = Automatic;
				CURRENT_PROJECT_VERSION = 1;
				DEVELOPMENT_ASSET_PATHS = "\"MyShop/Preview Content\"";
				DEVELOPMENT_TEAM = W7C6394PMD;
				ENABLE_PREVIEWS = YES;
				GENERATE_INFOPLIST_FILE = YES;
				INFOPLIST_FILE = MyShop/Info.plist;
				INFOPLIST_KEY_UIApplicationSceneManifest_Generation = YES;
				INFOPLIST_KEY_UIApplicationSupportsIndirectInputEvents = YES;
				INFOPLIST_KEY_UILaunchScreen_Generation = YES;
				INFOPLIST_KEY_UISupportedInterfaceOrientations_iPad = "UIInterfaceOrientationPortrait UIInterfaceOrientationPortraitUpsideDown UIInterfaceOrientationLandscapeLeft UIInterfaceOrientationLandscapeRight";
				INFOPLIST_KEY_UISupportedInterfaceOrientations_iPhone = "UIInterfaceOrientationPortrait UIInterfaceOrientationLandscapeLeft UIInterfaceOrientationLandscapeRight";
				IPHONEOS_DEPLOYMENT_TARGET = 15.0;
				LD_RUNPATH_SEARCH_PATHS = (
					"$(inherited)",
					"@executable_path/Frameworks",
				);
				MARKETING_VERSION = 1.0;
				PRODUCT_BUNDLE_IDENTIFIER = com.baohieu.MyShop;
				PRODUCT_NAME = "$(TARGET_NAME)";
				SWIFT_EMIT_LOC_STRINGS = YES;
				SWIFT_VERSION = 5.0;
				TARGETED_DEVICE_FAMILY = "1,2";
			};
			name = Release;
		};
/* End XCBuildConfiguration section */

/* Begin XCConfigurationList section */
		A47E31BA2B8F160500DB8CEF /* Build configuration list for PBXProject "MyShop" */ = {
			isa = XCConfigurationList;
			buildConfigurations = (
				A47E31CB2B8F160700DB8CEF /* Debug */,
				A47E31CC2B8F160700DB8CEF /* Release */,
			);
			defaultConfigurationIsVisible = 0;
			defaultConfigurationName = Release;
		};
		A47E31CD2B8F160700DB8CEF /* Build configuration list for PBXNativeTarget "MyShop" */ = {
			isa = XCConfigurationList;
			buildConfigurations = (
				A47E31CE2B8F160700DB8CEF /* Debug */,
				A47E31CF2B8F160700DB8CEF /* Release */,
			);
			defaultConfigurationIsVisible = 0;
			defaultConfigurationName = Release;
		};
/* End XCConfigurationList section */

/* Begin XCVersionGroup section */
		A4257ED62B8F7817003FDC25 /* DataModel.xcdatamodeld */ = {
			isa = XCVersionGroup;
			children = (
				A4257ED72B8F7817003FDC25 /* DataModel.xcdatamodel */,
			);
			currentVersion = A4257ED72B8F7817003FDC25 /* DataModel.xcdatamodel */;
			path = DataModel.xcdatamodeld;
			sourceTree = "<group>";
			versionGroupType = wrapper.xcdatamodel;
		};
/* End XCVersionGroup section */
	};
	rootObject = A47E31B72B8F160500DB8CEF /* Project object */;
}
