// !$*UTF8*$!
{
	archiveVersion = 1;
	classes = {
	};
	objectVersion = 56;
	objects = {

/* Begin PBXBuildFile section */
		A47E31C32B8F160500DB8CEF /* MyShopApp.swift in Sources */ = {isa = PBXBuildFile; fileRef = A47E31C22B8F160500DB8CEF /* MyShopApp.swift */; };
		A47E31C52B8F160500DB8CEF /* ContentView.swift in Sources */ = {isa = PBXBuildFile; fileRef = A47E31C42B8F160500DB8CEF /* ContentView.swift */; };
		A47E31C72B8F160700DB8CEF /* Assets.xcassets in Resources */ = {isa = PBXBuildFile; fileRef = A47E31C62B8F160700DB8CEF /* Assets.xcassets */; };
		A47E31CA2B8F160700DB8CEF /* Preview Assets.xcassets in Resources */ = {isa = PBXBuildFile; fileRef = A47E31C92B8F160700DB8CEF /* Preview Assets.xcassets */; };
		A47E31D52B8F560C00DB8CEF /* Order.swift in Sources */ = {isa = PBXBuildFile; fileRef = A47E31D42B8F560C00DB8CEF /* Order.swift */; };
		A47E31D82B8F5BC800DB8CEF /* UIScreen.swift in Sources */ = {isa = PBXBuildFile; fileRef = A47E31D72B8F5BC800DB8CEF /* UIScreen.swift */; };
		A47E31DA2B8F5C0300DB8CEF /* OrdersListViewModel.swift in Sources */ = {isa = PBXBuildFile; fileRef = A47E31D92B8F5C0200DB8CEF /* OrdersListViewModel.swift */; };
		A47E31DC2B8F5CDB00DB8CEF /* OrderListView.swift in Sources */ = {isa = PBXBuildFile; fileRef = A47E31DB2B8F5CDB00DB8CEF /* OrderListView.swift */; };
		A47E31DE2B8F5CE900DB8CEF /* HomeView.swift in Sources */ = {isa = PBXBuildFile; fileRef = A47E31DD2B8F5CE900DB8CEF /* HomeView.swift */; };
		A47E31E12B8F5DAA00DB8CEF /* OrderCardView.swift in Sources */ = {isa = PBXBuildFile; fileRef = A47E31E02B8F5DAA00DB8CEF /* OrderCardView.swift */; };
/* End PBXBuildFile section */

/* Begin PBXFileReference section */
		A47E31BF2B8F160500DB8CEF /* MyShop.app */ = {isa = PBXFileReference; explicitFileType = wrapper.application; includeInIndex = 0; path = MyShop.app; sourceTree = BUILT_PRODUCTS_DIR; };
		A47E31C22B8F160500DB8CEF /* MyShopApp.swift */ = {isa = PBXFileReference; lastKnownFileType = sourcecode.swift; path = MyShopApp.swift; sourceTree = "<group>"; };
		A47E31C42B8F160500DB8CEF /* ContentView.swift */ = {isa = PBXFileReference; lastKnownFileType = sourcecode.swift; path = ContentView.swift; sourceTree = "<group>"; };
		A47E31C62B8F160700DB8CEF /* Assets.xcassets */ = {isa = PBXFileReference; lastKnownFileType = folder.assetcatalog; path = Assets.xcassets; sourceTree = "<group>"; };
		A47E31C92B8F160700DB8CEF /* Preview Assets.xcassets */ = {isa = PBXFileReference; lastKnownFileType = folder.assetcatalog; path = "Preview Assets.xcassets"; sourceTree = "<group>"; };
		A47E31D42B8F560C00DB8CEF /* Order.swift */ = {isa = PBXFileReference; lastKnownFileType = sourcecode.swift; path = Order.swift; sourceTree = "<group>"; };
		A47E31D72B8F5BC800DB8CEF /* UIScreen.swift */ = {isa = PBXFileReference; lastKnownFileType = sourcecode.swift; path = UIScreen.swift; sourceTree = "<group>"; };
		A47E31D92B8F5C0200DB8CEF /* OrdersListViewModel.swift */ = {isa = PBXFileReference; lastKnownFileType = sourcecode.swift; path = OrdersListViewModel.swift; sourceTree = "<group>"; };
		A47E31DB2B8F5CDB00DB8CEF /* OrderListView.swift */ = {isa = PBXFileReference; lastKnownFileType = sourcecode.swift; path = OrderListView.swift; sourceTree = "<group>"; };
		A47E31DD2B8F5CE900DB8CEF /* HomeView.swift */ = {isa = PBXFileReference; lastKnownFileType = sourcecode.swift; path = HomeView.swift; sourceTree = "<group>"; };
		A47E31E02B8F5DAA00DB8CEF /* OrderCardView.swift */ = {isa = PBXFileReference; lastKnownFileType = sourcecode.swift; path = OrderCardView.swift; sourceTree = "<group>"; };
/* End PBXFileReference section */

/* Begin PBXFrameworksBuildPhase section */
		A47E31BC2B8F160500DB8CEF /* Frameworks */ = {
			isa = PBXFrameworksBuildPhase;
			buildActionMask = 2147483647;
			files = (
			);
			runOnlyForDeploymentPostprocessing = 0;
		};
/* End PBXFrameworksBuildPhase section */

/* Begin PBXGroup section */
		A47E31B62B8F160500DB8CEF = {
			isa = PBXGroup;
			children = (
				A47E31C12B8F160500DB8CEF /* MyShop */,
				A47E31C02B8F160500DB8CEF /* Products */,
			);
			sourceTree = "<group>";
		};
		A47E31C02B8F160500DB8CEF /* Products */ = {
			isa = PBXGroup;
			children = (
				A47E31BF2B8F160500DB8CEF /* MyShop.app */,
			);
			name = Products;
			sourceTree = "<group>";
		};
		A47E31C12B8F160500DB8CEF /* MyShop */ = {
			isa = PBXGroup;
			children = (
				A47E31C22B8F160500DB8CEF /* MyShopApp.swift */,
				A47E31D32B8F161300DB8CEF /* Helpers */,
				A47E31D22B8F161200DB8CEF /* ViewModels */,
				A47E31D12B8F161000DB8CEF /* Models */,
				A47E31D02B8F160E00DB8CEF /* Views */,
				A47E31C62B8F160700DB8CEF /* Assets.xcassets */,
				A47E31C82B8F160700DB8CEF /* Preview Content */,
			);
			path = MyShop;
			sourceTree = "<group>";
		};
		A47E31C82B8F160700DB8CEF /* Preview Content */ = {
			isa = PBXGroup;
			children = (
				A47E31C92B8F160700DB8CEF /* Preview Assets.xcassets */,
			);
			path = "Preview Content";
			sourceTree = "<group>";
		};
		A47E31D02B8F160E00DB8CEF /* Views */ = {
			isa = PBXGroup;
			children = (
				A47E31C42B8F160500DB8CEF /* ContentView.swift */,
				A47E31DD2B8F5CE900DB8CEF /* HomeView.swift */,
				A47E31DF2B8F5D9400DB8CEF /* Order */,
			);
			path = Views;
			sourceTree = "<group>";
		};
		A47E31D12B8F161000DB8CEF /* Models */ = {
			isa = PBXGroup;
			children = (
				A47E31D42B8F560C00DB8CEF /* Order.swift */,
			);
			path = Models;
			sourceTree = "<group>";
		};
		A47E31D22B8F161200DB8CEF /* ViewModels */ = {
			isa = PBXGroup;
			children = (
				A47E31D92B8F5C0200DB8CEF /* OrdersListViewModel.swift */,
			);
			path = ViewModels;
			sourceTree = "<group>";
		};
		A47E31D32B8F161300DB8CEF /* Helpers */ = {
			isa = PBXGroup;
			children = (
				A47E31D62B8F5BB900DB8CEF /* Extensions */,
			);
			path = Helpers;
			sourceTree = "<group>";
		};
		A47E31D62B8F5BB900DB8CEF /* Extensions */ = {
			isa = PBXGroup;
			children = (
				A47E31D72B8F5BC800DB8CEF /* UIScreen.swift */,
			);
			path = Extensions;
			sourceTree = "<group>";
		};
		A47E31DF2B8F5D9400DB8CEF /* Order */ = {
			isa = PBXGroup;
			children = (
				A47E31DB2B8F5CDB00DB8CEF /* OrderListView.swift */,
				A47E31E02B8F5DAA00DB8CEF /* OrderCardView.swift */,
			);
			path = Order;
			sourceTree = "<group>";
		};
/* End PBXGroup section */

/* Begin PBXNativeTarget section */
		A47E31BE2B8F160500DB8CEF /* MyShop */ = {
			isa = PBXNativeTarget;
			buildConfigurationList = A47E31CD2B8F160700DB8CEF /* Build configuration list for PBXNativeTarget "MyShop" */;
			buildPhases = (
				A47E31BB2B8F160500DB8CEF /* Sources */,
				A47E31BC2B8F160500DB8CEF /* Frameworks */,
				A47E31BD2B8F160500DB8CEF /* Resources */,
			);
			buildRules = (
			);
			dependencies = (
			);
			name = MyShop;
			productName = MyShop;
			productReference = A47E31BF2B8F160500DB8CEF /* MyShop.app */;
			productType = "com.apple.product-type.application";
		};
/* End PBXNativeTarget section */

/* Begin PBXProject section */
		A47E31B72B8F160500DB8CEF /* Project object */ = {
			isa = PBXProject;
			attributes = {
				BuildIndependentTargetsInParallel = 1;
				LastSwiftUpdateCheck = 1420;
				LastUpgradeCheck = 1420;
				TargetAttributes = {
					A47E31BE2B8F160500DB8CEF = {
						CreatedOnToolsVersion = 14.2;
					};
				};
			};
			buildConfigurationList = A47E31BA2B8F160500DB8CEF /* Build configuration list for PBXProject "MyShop" */;
			compatibilityVersion = "Xcode 14.0";
			developmentRegion = en;
			hasScannedForEncodings = 0;
			knownRegions = (
				en,
				Base,
			);
			mainGroup = A47E31B62B8F160500DB8CEF;
			productRefGroup = A47E31C02B8F160500DB8CEF /* Products */;
			projectDirPath = "";
			projectRoot = "";
			targets = (
				A47E31BE2B8F160500DB8CEF /* MyShop */,
			);
		};
/* End PBXProject section */

/* Begin PBXResourcesBuildPhase section */
		A47E31BD2B8F160500DB8CEF /* Resources */ = {
			isa = PBXResourcesBuildPhase;
			buildActionMask = 2147483647;
			files = (
				A47E31CA2B8F160700DB8CEF /* Preview Assets.xcassets in Resources */,
				A47E31C72B8F160700DB8CEF /* Assets.xcassets in Resources */,
			);
			runOnlyForDeploymentPostprocessing = 0;
		};
/* End PBXResourcesBuildPhase section */

/* Begin PBXSourcesBuildPhase section */
		A47E31BB2B8F160500DB8CEF /* Sources */ = {
			isa = PBXSourcesBuildPhase;
			buildActionMask = 2147483647;
			files = (
				A47E31DA2B8F5C0300DB8CEF /* OrdersListViewModel.swift in Sources */,
				A47E31DE2B8F5CE900DB8CEF /* HomeView.swift in Sources */,
				A47E31D52B8F560C00DB8CEF /* Order.swift in Sources */,
				A47E31C52B8F160500DB8CEF /* ContentView.swift in Sources */,
				A47E31C32B8F160500DB8CEF /* MyShopApp.swift in Sources */,
				A47E31D82B8F5BC800DB8CEF /* UIScreen.swift in Sources */,
				A47E31DC2B8F5CDB00DB8CEF /* OrderListView.swift in Sources */,
				A47E31E12B8F5DAA00DB8CEF /* OrderCardView.swift in Sources */,
			);
			runOnlyForDeploymentPostprocessing = 0;
		};
/* End PBXSourcesBuildPhase section */

/* Begin XCBuildConfiguration section */
		A47E31CB2B8F160700DB8CEF /* Debug */ = {
			isa = XCBuildConfiguration;
			buildSettings = {
				ALWAYS_SEARCH_USER_PATHS = NO;
				CLANG_ANALYZER_NONNULL = YES;
				CLANG_ANALYZER_NUMBER_OBJECT_CONVERSION = YES_AGGRESSIVE;
				CLANG_CXX_LANGUAGE_STANDARD = "gnu++20";
				CLANG_ENABLE_MODULES = YES;
				CLANG_ENABLE_OBJC_ARC = YES;
				CLANG_ENABLE_OBJC_WEAK = YES;
				CLANG_WARN_BLOCK_CAPTURE_AUTORELEASING = YES;
				CLANG_WARN_BOOL_CONVERSION = YES;
				CLANG_WARN_COMMA = YES;
				CLANG_WARN_CONSTANT_CONVERSION = YES;
				CLANG_WARN_DEPRECATED_OBJC_IMPLEMENTATIONS = YES;
				CLANG_WARN_DIRECT_OBJC_ISA_USAGE = YES_ERROR;
				CLANG_WARN_DOCUMENTATION_COMMENTS = YES;
				CLANG_WARN_EMPTY_BODY = YES;
				CLANG_WARN_ENUM_CONVERSION = YES;
				CLANG_WARN_INFINITE_RECURSION = YES;
				CLANG_WARN_INT_CONVERSION = YES;
				CLANG_WARN_NON_LITERAL_NULL_CONVERSION = YES;
				CLANG_WARN_OBJC_IMPLICIT_RETAIN_SELF = YES;
				CLANG_WARN_OBJC_LITERAL_CONVERSION = YES;
				CLANG_WARN_OBJC_ROOT_CLASS = YES_ERROR;
				CLANG_WARN_QUOTED_INCLUDE_IN_FRAMEWORK_HEADER = YES;
				CLANG_WARN_RANGE_LOOP_ANALYSIS = YES;
				CLANG_WARN_STRICT_PROTOTYPES = YES;
				CLANG_WARN_SUSPICIOUS_MOVE = YES;
				CLANG_WARN_UNGUARDED_AVAILABILITY = YES_AGGRESSIVE;
				CLANG_WARN_UNREACHABLE_CODE = YES;
				CLANG_WARN__DUPLICATE_METHOD_MATCH = YES;
				COPY_PHASE_STRIP = NO;
				DEBUG_INFORMATION_FORMAT = dwarf;
				ENABLE_STRICT_OBJC_MSGSEND = YES;
				ENABLE_TESTABILITY = YES;
				GCC_C_LANGUAGE_STANDARD = gnu11;
				GCC_DYNAMIC_NO_PIC = NO;
				GCC_NO_COMMON_BLOCKS = YES;
				GCC_OPTIMIZATION_LEVEL = 0;
				GCC_PREPROCESSOR_DEFINITIONS = (
					"DEBUG=1",
					"$(inherited)",
				);
				GCC_WARN_64_TO_32_BIT_CONVERSION = YES;
				GCC_WARN_ABOUT_RETURN_TYPE = YES_ERROR;
				GCC_WARN_UNDECLARED_SELECTOR = YES;
				GCC_WARN_UNINITIALIZED_AUTOS = YES_AGGRESSIVE;
				GCC_WARN_UNUSED_FUNCTION = YES;
				GCC_WARN_UNUSED_VARIABLE = YES;
				IPHONEOS_DEPLOYMENT_TARGET = 15.0;
				MTL_ENABLE_DEBUG_INFO = INCLUDE_SOURCE;
				MTL_FAST_MATH = YES;
				ONLY_ACTIVE_ARCH = YES;
				SDKROOT = iphoneos;
				SWIFT_ACTIVE_COMPILATION_CONDITIONS = DEBUG;
				SWIFT_OPTIMIZATION_LEVEL = "-Onone";
			};
			name = Debug;
		};
		A47E31CC2B8F160700DB8CEF /* Release */ = {
			isa = XCBuildConfiguration;
			buildSettings = {
				ALWAYS_SEARCH_USER_PATHS = NO;
				CLANG_ANALYZER_NONNULL = YES;
				CLANG_ANALYZER_NUMBER_OBJECT_CONVERSION = YES_AGGRESSIVE;
				CLANG_CXX_LANGUAGE_STANDARD = "gnu++20";
				CLANG_ENABLE_MODULES = YES;
				CLANG_ENABLE_OBJC_ARC = YES;
				CLANG_ENABLE_OBJC_WEAK = YES;
				CLANG_WARN_BLOCK_CAPTURE_AUTORELEASING = YES;
				CLANG_WARN_BOOL_CONVERSION = YES;
				CLANG_WARN_COMMA = YES;
				CLANG_WARN_CONSTANT_CONVERSION = YES;
				CLANG_WARN_DEPRECATED_OBJC_IMPLEMENTATIONS = YES;
				CLANG_WARN_DIRECT_OBJC_ISA_USAGE = YES_ERROR;
				CLANG_WARN_DOCUMENTATION_COMMENTS = YES;
				CLANG_WARN_EMPTY_BODY = YES;
				CLANG_WARN_ENUM_CONVERSION = YES;
				CLANG_WARN_INFINITE_RECURSION = YES;
				CLANG_WARN_INT_CONVERSION = YES;
				CLANG_WARN_NON_LITERAL_NULL_CONVERSION = YES;
				CLANG_WARN_OBJC_IMPLICIT_RETAIN_SELF = YES;
				CLANG_WARN_OBJC_LITERAL_CONVERSION = YES;
				CLANG_WARN_OBJC_ROOT_CLASS = YES_ERROR;
				CLANG_WARN_QUOTED_INCLUDE_IN_FRAMEWORK_HEADER = YES;
				CLANG_WARN_RANGE_LOOP_ANALYSIS = YES;
				CLANG_WARN_STRICT_PROTOTYPES = YES;
				CLANG_WARN_SUSPICIOUS_MOVE = YES;
				CLANG_WARN_UNGUARDED_AVAILABILITY = YES_AGGRESSIVE;
				CLANG_WARN_UNREACHABLE_CODE = YES;
				CLANG_WARN__DUPLICATE_METHOD_MATCH = YES;
				COPY_PHASE_STRIP = NO;
				DEBUG_INFORMATION_FORMAT = "dwarf-with-dsym";
				ENABLE_NS_ASSERTIONS = NO;
				ENABLE_STRICT_OBJC_MSGSEND = YES;
				GCC_C_LANGUAGE_STANDARD = gnu11;
				GCC_NO_COMMON_BLOCKS = YES;
				GCC_WARN_64_TO_32_BIT_CONVERSION = YES;
				GCC_WARN_ABOUT_RETURN_TYPE = YES_ERROR;
				GCC_WARN_UNDECLARED_SELECTOR = YES;
				GCC_WARN_UNINITIALIZED_AUTOS = YES_AGGRESSIVE;
				GCC_WARN_UNUSED_FUNCTION = YES;
				GCC_WARN_UNUSED_VARIABLE = YES;
				IPHONEOS_DEPLOYMENT_TARGET = 15.0;
				MTL_ENABLE_DEBUG_INFO = NO;
				MTL_FAST_MATH = YES;
				SDKROOT = iphoneos;
				SWIFT_COMPILATION_MODE = wholemodule;
				SWIFT_OPTIMIZATION_LEVEL = "-O";
				VALIDATE_PRODUCT = YES;
			};
			name = Release;
		};
		A47E31CE2B8F160700DB8CEF /* Debug */ = {
			isa = XCBuildConfiguration;
			buildSettings = {
				ASSETCATALOG_COMPILER_APPICON_NAME = AppIcon;
				ASSETCATALOG_COMPILER_GLOBAL_ACCENT_COLOR_NAME = AccentColor;
				CODE_SIGN_STYLE = Automatic;
				CURRENT_PROJECT_VERSION = 1;
				DEVELOPMENT_ASSET_PATHS = "\"MyShop/Preview Content\"";
				DEVELOPMENT_TEAM = W7C6394PMD;
				ENABLE_PREVIEWS = YES;
				GENERATE_INFOPLIST_FILE = YES;
				INFOPLIST_KEY_UIApplicationSceneManifest_Generation = YES;
				INFOPLIST_KEY_UIApplicationSupportsIndirectInputEvents = YES;
				INFOPLIST_KEY_UILaunchScreen_Generation = YES;
				INFOPLIST_KEY_UISupportedInterfaceOrientations_iPad = "UIInterfaceOrientationPortrait UIInterfaceOrientationPortraitUpsideDown UIInterfaceOrientationLandscapeLeft UIInterfaceOrientationLandscapeRight";
				INFOPLIST_KEY_UISupportedInterfaceOrientations_iPhone = "UIInterfaceOrientationPortrait UIInterfaceOrientationLandscapeLeft UIInterfaceOrientationLandscapeRight";
				IPHONEOS_DEPLOYMENT_TARGET = 15.0;
				LD_RUNPATH_SEARCH_PATHS = (
					"$(inherited)",
					"@executable_path/Frameworks",
				);
				MARKETING_VERSION = 1.0;
				PRODUCT_BUNDLE_IDENTIFIER = com.baohieu.MyShop;
				PRODUCT_NAME = "$(TARGET_NAME)";
				SWIFT_EMIT_LOC_STRINGS = YES;
				SWIFT_VERSION = 5.0;
				TARGETED_DEVICE_FAMILY = "1,2";
			};
			name = Debug;
		};
		A47E31CF2B8F160700DB8CEF /* Release */ = {
			isa = XCBuildConfiguration;
			buildSettings = {
				ASSETCATALOG_COMPILER_APPICON_NAME = AppIcon;
				ASSETCATALOG_COMPILER_GLOBAL_ACCENT_COLOR_NAME = AccentColor;
				CODE_SIGN_STYLE = Automatic;
				CURRENT_PROJECT_VERSION = 1;
				DEVELOPMENT_ASSET_PATHS = "\"MyShop/Preview Content\"";
				DEVELOPMENT_TEAM = W7C6394PMD;
				ENABLE_PREVIEWS = YES;
				GENERATE_INFOPLIST_FILE = YES;
				INFOPLIST_KEY_UIApplicationSceneManifest_Generation = YES;
				INFOPLIST_KEY_UIApplicationSupportsIndirectInputEvents = YES;
				INFOPLIST_KEY_UILaunchScreen_Generation = YES;
				INFOPLIST_KEY_UISupportedInterfaceOrientations_iPad = "UIInterfaceOrientationPortrait UIInterfaceOrientationPortraitUpsideDown UIInterfaceOrientationLandscapeLeft UIInterfaceOrientationLandscapeRight";
				INFOPLIST_KEY_UISupportedInterfaceOrientations_iPhone = "UIInterfaceOrientationPortrait UIInterfaceOrientationLandscapeLeft UIInterfaceOrientationLandscapeRight";
				IPHONEOS_DEPLOYMENT_TARGET = 15.0;
				LD_RUNPATH_SEARCH_PATHS = (
					"$(inherited)",
					"@executable_path/Frameworks",
				);
				MARKETING_VERSION = 1.0;
				PRODUCT_BUNDLE_IDENTIFIER = com.baohieu.MyShop;
				PRODUCT_NAME = "$(TARGET_NAME)";
				SWIFT_EMIT_LOC_STRINGS = YES;
				SWIFT_VERSION = 5.0;
				TARGETED_DEVICE_FAMILY = "1,2";
			};
			name = Release;
		};
/* End XCBuildConfiguration section */

/* Begin XCConfigurationList section */
		A47E31BA2B8F160500DB8CEF /* Build configuration list for PBXProject "MyShop" */ = {
			isa = XCConfigurationList;
			buildConfigurations = (
				A47E31CB2B8F160700DB8CEF /* Debug */,
				A47E31CC2B8F160700DB8CEF /* Release */,
			);
			defaultConfigurationIsVisible = 0;
			defaultConfigurationName = Release;
		};
		A47E31CD2B8F160700DB8CEF /* Build configuration list for PBXNativeTarget "MyShop" */ = {
			isa = XCConfigurationList;
			buildConfigurations = (
				A47E31CE2B8F160700DB8CEF /* Debug */,
				A47E31CF2B8F160700DB8CEF /* Release */,
			);
			defaultConfigurationIsVisible = 0;
			defaultConfigurationName = Release;
		};
/* End XCConfigurationList section */
	};
	rootObject = A47E31B72B8F160500DB8CEF /* Project object */;
}
